
Microsoft Visual Studio Solution File, Format Version 12.00
# Visual Studio Version 16
VisualStudioVersion = 16.0.30611.23
MinimumVisualStudioVersion = 10.0.40219.1
Project("{FAE04EC0-301F-11D3-BF4B-00C04F79EFBC}") = "WIA Test", "WIA Test\WIA Test.csproj", "{3AB6007A-DEC9-4675-89B6-156EA7F3CA49}"
EndProject
Project("{FAE04EC0-301F-11D3-BF4B-00C04F79EFBC}") = "WiaDotNet", "WiaDotNet\WiaDotNet.csproj", "{E9934F64-38B9-438A-8BAE-9E8461E63773}"
EndProject
Global
	GlobalSection(SolutionConfigurationPlatforms) = preSolution
		Debug|Any CPU = Debug|Any CPU
		Release|Any CPU = Release|Any CPU
	EndGlobalSection
	GlobalSection(ProjectConfigurationPlatforms) = postSolution
		{3AB6007A-DEC9-4675-89B6-156EA7F3CA49}.Debug|Any CPU.ActiveCfg = Debug|Any CPU
		{3AB6007A-DEC9-4675-89B6-156EA7F3CA49}.Debug|Any CPU.Build.0 = Debug|Any CPU
		{3AB6007A-DEC9-4675-89B6-156EA7F3CA49}.Release|Any CPU.ActiveCfg = Release|Any CPU
		{3AB6007A-DEC9-4675-89B6-156EA7F3CA49}.Release|Any CPU.Build.0 = Release|Any CPU
		{E9934F64-38B9-438A-8BAE-9E8461E63773}.Debug|Any CPU.ActiveCfg = Debug|Any CPU
		{E9934F64-38B9-438A-8BAE-9E8461E63773}.Debug|Any CPU.Build.0 = Debug|Any CPU
		{E9934F64-38B9-438A-8BAE-9E8461E63773}.Release|Any CPU.ActiveCfg = Release|Any CPU
		{E9934F64-38B9-438A-8BAE-9E8461E63773}.Release|Any CPU.Build.0 = Release|Any CPU
	EndGlobalSection
	GlobalSection(SolutionProperties) = preSolution
		HideSolutionNode = FALSE
	EndGlobalSection
	GlobalSection(ExtensibilityGlobals) = postSolution
		SolutionGuid = {43ADD4C1-0531-49A0-872E-080BD3D57CBF}
	EndGlobalSection
EndGlobal
